
Microsoft Visual Studio Solution File, Format Version 12.00
# Visual Studio 15
Project("{FAE04EC0-301F-11D3-BF4B-00C04F79EFBC}") = "Assembly-CSharp", "Assembly-CSharp.csproj", "{EDBD8699-F7C2-616F-0A2E-47C4C7DDBEFF}"
EndProject
Global
	GlobalSection(SolutionConfigurationPlatforms) = preSolution
		Debug|Any CPU = Debug|Any CPU
		Release|Any CPU = Release|Any CPU
	EndGlobalSection
	GlobalSection(ProjectConfigurationPlatforms) = postSolution
		{EDBD8699-F7C2-616F-0A2E-47C4C7DDBEFF}.Debug|Any CPU.ActiveCfg = Debug|Any CPU
		{EDBD8699-F7C2-616F-0A2E-47C4C7DDBEFF}.Debug|Any CPU.Build.0 = Debug|Any CPU
		{EDBD8699-F7C2-616F-0A2E-47C4C7DDBEFF}.Release|Any CPU.ActiveCfg = Release|Any CPU
		{EDBD8699-F7C2-616F-0A2E-47C4C7DDBEFF}.Release|Any CPU.Build.0 = Release|Any CPU
	EndGlobalSection
	GlobalSection(SolutionProperties) = preSolution
		HideSolutionNode = FALSE
	EndGlobalSection
EndGlobal
